PODS:
  - FlybitsContextLocationPluginSDK (3.3.0):
    - FlybitsContextSDK (= 3.3.0)
    - FlybitsSDK (= 3.3.0)
  - FlybitsContextSDK (3.3.0):
    - FlybitsSDK (= 3.3.0)
  - FlybitsKernelSDK (3.3.0):
    - FlybitsSDK (= 3.3.0)
  - FlybitsPushSDK (3.3.0):
    - FlybitsSDK (= 3.3.0)
  - FlybitsSDK (3.3.0)

DEPENDENCIES:
  - FlybitsContextLocationPluginSDK (= 3.3.0)
  - FlybitsContextSDK (= 3.3.0)
  - FlybitsKernelSDK (= 3.3.0)
  - FlybitsPushSDK (= 3.3.0)

SPEC REPOS:
  https://github.com/flybits/Spec-Xcode-11.3.1.git:
    - FlybitsContextLocationPluginSDK
    - FlybitsContextSDK
    - FlybitsKernelSDK
    - FlybitsPushSDK
    - FlybitsSDK

SPEC CHECKSUMS:
  FlybitsContextLocationPluginSDK: 921312a2044de3eda0f9db7d4d9c3ee2d15847cd
  FlybitsContextSDK: 515cae3b8809b92d12f676485b0fe59d13f3c824
  FlybitsKernelSDK: 3a05137365af4f5140ed12a41007e45332725f5b
  FlybitsPushSDK: ed45975c7aa01a12d88359353846b224fc474212
  FlybitsSDK: 63318ecc10c79d106040e6bd3af1da5fc5a8553e

PODFILE CHECKSUM: 90fa0ae6fcffb171093955f9a4bb4c4c6e021b6c

COCOAPODS: 1.8.4
