PODS:
  - FlybitsKernelSDK (3.1.1):
    - FlybitsSDK (= 3.1.1)
  - FlybitsSDK (3.1.1)

DEPENDENCIES:
  - FlybitsKernelSDK (= 3.1.1)

SPEC REPOS:
  https://github.com/cocoapods/specs.git:
    - FlybitsKernelSDK
    - FlybitsSDK

SPEC CHECKSUMS:
  FlybitsKernelSDK: f2ecd4c3164df1031c7135c18e67082d07ec84d5
  FlybitsSDK: eba46983357ef1d0aacec1030d489b09a27ddd8f

PODFILE CHECKSUM: de30d544b5550455b832d852ec11b6685315a2d3

COCOAPODS: 1.7.5
